
Microsoft Visual Studio Solution File, Format Version 12.00
# Visual Studio Version 16
VisualStudioVersion = 16.0.34031.81
MinimumVisualStudioVersion = 10.0.40219.1
Project("{2150E333-8FDC-42A3-9474-1A3956D46DE8}") = "Task0", "Task0", "{5CE3E676-C0E1-41BC-A083-0EDA80357323}"
EndProject
Project("{FAE04EC0-301F-11D3-BF4B-00C04F79EFBC}") = "Tyuiu.SysoevDA.Sprint0.Task0.V0", "Tyuiu.SysoevDA.Sprint0.Task0.V0\Tyuiu.SysoevDA.Sprint0.Task0.V0.csproj", "{5592D50A-E2F5-4D7A-B1AE-A52DB3174636}"
EndProject
Project("{2150E333-8FDC-42A3-9474-1A3956D46DE8}") = "Task1", "Task1", "{164F1C15-9CB7-4196-B683-A4EE59722931}"
EndProject
Project("{FAE04EC0-301F-11D3-BF4B-00C04F79EFBC}") = "Tyuiu.SysoevDA.Sprint0.Task1.V0", "Tyuiu.SysoevDA.Sprint0.Task1.V0\Tyuiu.SysoevDA.Sprint0.Task1.V0.csproj", "{FCEB5848-7715-4893-81B9-3D14677C3E21}"
EndProject
Project("{2150E333-8FDC-42A3-9474-1A3956D46DE8}") = "Task2", "Task2", "{B8D98B11-20CC-45C0-9E47-2E64BE28D610}"
EndProject
Project("{FAE04EC0-301F-11D3-BF4B-00C04F79EFBC}") = "Tyuiu.SysoevDA.Sprint0.Task2.V0", "Tyuiu.SysoevDA.Sprint0.Task2.V0\Tyuiu.SysoevDA.Sprint0.Task2.V0.csproj", "{0319C1D5-D85E-4B7A-ABFF-7686F3AE3705}"
EndProject
Project("{FAE04EC0-301F-11D3-BF4B-00C04F79EFBC}") = "Tyuiu.SysoevDA.Sprint0.Task2.V0.Lib", "Tyuiu.SysoevDA.Sprint0.Task2.V0.Lib\Tyuiu.SysoevDA.Sprint0.Task2.V0.Lib.csproj", "{332DE25F-06DA-41C9-9CFB-91890CC8A1D8}"
EndProject
Project("{FAE04EC0-301F-11D3-BF4B-00C04F79EFBC}") = "Tyuiu.SysoevDA.Sprint0.Task2.V0.Test", "Tyuiu.SysoevDA.Sprint0.Task2.V0.Test\Tyuiu.SysoevDA.Sprint0.Task2.V0.Test.csproj", "{DD965467-7BCD-4281-AAE4-259EB9805623}"
EndProject
Project("{2150E333-8FDC-42A3-9474-1A3956D46DE8}") = "Task3", "Task3", "{4A9FD4E2-F46D-491F-AFD4-983F4735768C}"
EndProject
Project("{FAE04EC0-301F-11D3-BF4B-00C04F79EFBC}") = "Tyuiu.SysoevDA.Sprint0.Task3.V0", "Tyuiu.SysoevDA.Sprint0.Task3.V0\Tyuiu.SysoevDA.Sprint0.Task3.V0.csproj", "{770F274D-E2AC-4FD9-AB4E-246BBFC55FC2}"
EndProject
Project("{FAE04EC0-301F-11D3-BF4B-00C04F79EFBC}") = "Tyuiu.SysoevDA.Sprint0.Task3.V0.Test", "Tyuiu.SysoevDA.Sprint0.Task3.V0.Test\Tyuiu.SysoevDA.Sprint0.Task3.V0.Test.csproj", "{4BE831BE-94C6-49C5-908D-A66EEB0E8489}"
EndProject
Project("{FAE04EC0-301F-11D3-BF4B-00C04F79EFBC}") = "Tyuiu.SysoevDA.Sprint0.Task3.V0.Lib", "Tyuiu.SysoevDA.Sprint0.Task3.V0.Lib\Tyuiu.SysoevDA.Sprint0.Task3.V0.Lib.csproj", "{1DD0006A-EC92-4143-A8EE-C9EEE3356462}"
EndProject
Project("{2150E333-8FDC-42A3-9474-1A3956D46DE8}") = "Task4", "Task4", "{44A9C2EE-68D4-4742-A4C5-EDCB7B3A7EE7}"
EndProject
Project("{FAE04EC0-301F-11D3-BF4B-00C04F79EFBC}") = "Tyuiu.SysoevDA.Sprint0.Task4.V0", "Tyuiu.SysoevDA.Sprint0.Task4.V0\Tyuiu.SysoevDA.Sprint0.Task4.V0.csproj", "{34262853-27B3-481A-8F87-518AB76DDDE7}"
EndProject
Project("{FAE04EC0-301F-11D3-BF4B-00C04F79EFBC}") = "Tyuiu.SysoevDA.Sprint0.Task4.V0.Lib", "Tyuiu.SysoevDA.Sprint0.Task4.V0.Lib\Tyuiu.SysoevDA.Sprint0.Task4.V0.Lib.csproj", "{A0353BAD-608A-4345-A8AE-27D9D453E010}"
EndProject
Project("{FAE04EC0-301F-11D3-BF4B-00C04F79EFBC}") = "Tyuiu.SysoevDA.Sprint0.Task4.V0.Test", "Tyuiu.SysoevDA.Sprint0.Task4.V0.Test\Tyuiu.SysoevDA.Sprint0.Task4.V0.Test.csproj", "{837C64A5-DB9A-402C-88BA-0A8604DBE051}"
EndProject
Project("{2150E333-8FDC-42A3-9474-1A3956D46DE8}") = "Task5", "Task5", "{DB82B03E-79A6-4BE7-A82D-0DE3F41993FE}"
EndProject
Project("{FAE04EC0-301F-11D3-BF4B-00C04F79EFBC}") = "Tyuiu.SysoevDA.Sprint0.Task5.V0", "Tyuiu.SysoevDA.Sprint0.Task5.V0\Tyuiu.SysoevDA.Sprint0.Task5.V0.csproj", "{87C9EC9C-12BE-4C27-A2E8-811B84A02F3A}"
EndProject
Project("{FAE04EC0-301F-11D3-BF4B-00C04F79EFBC}") = "Tyuiu.SysoevDA.Sprint0.Task5.V0.Lib", "Tyuiu.SysoevDA.Sprint0.Task5.V0.Lib\Tyuiu.SysoevDA.Sprint0.Task5.V0.Lib.csproj", "{FD9EA11D-ECA5-45C0-A0AE-B2D752276BE4}"
EndProject
Project("{FAE04EC0-301F-11D3-BF4B-00C04F79EFBC}") = "Tyuiu.SysoevDA.Sprint0.Task5.V0.Test", "Tyuiu.SysoevDA.Sprint0.Task5.V0.Test\Tyuiu.SysoevDA.Sprint0.Task5.V0.Test.csproj", "{0395DAD5-45E9-4C82-865D-63A95A9850EE}"
EndProject
Project("{2150E333-8FDC-42A3-9474-1A3956D46DE8}") = "Task6", "Task6", "{A71BE1AE-BC77-451A-B368-0FCFB5969456}"
EndProject
Project("{FAE04EC0-301F-11D3-BF4B-00C04F79EFBC}") = "Tyuiu.SysoevDA.Sprint0.Task6.V0", "Tyuiu.SysoevDA.Sprint0.Task6.V0\Tyuiu.SysoevDA.Sprint0.Task6.V0.csproj", "{88DB7DA7-BE7C-4204-8009-DE5D52DB765B}"
EndProject
Project("{FAE04EC0-301F-11D3-BF4B-00C04F79EFBC}") = "Tyuiu.SysoevDA.Sprint0.Task6.V0.Lib", "Tyuiu.SysoevDA.Sprint0.Task6.V0.Lib\Tyuiu.SysoevDA.Sprint0.Task6.V0.Lib.csproj", "{C455379D-14D8-4E3A-A081-4A95F6814CFB}"
EndProject
Project("{FAE04EC0-301F-11D3-BF4B-00C04F79EFBC}") = "Tyuiu.SysoevDA.Sprint0.Task6.V0.Test", "Tyuiu.SysoevDA.Sprint0.Task6.V0.Test\Tyuiu.SysoevDA.Sprint0.Task6.V0.Test.csproj", "{1D88F866-9CE8-45D8-AB52-76CDA9425485}"
EndProject
Project("{2150E333-8FDC-42A3-9474-1A3956D46DE8}") = "Task7", "Task7", "{14561153-95AA-429D-9668-B423EA1939F7}"
EndProject
Project("{FAE04EC0-301F-11D3-BF4B-00C04F79EFBC}") = "Tyuiu.SysoevDA.Sprint0.Task7.V0", "Tyuiu.SysoevDA.Sprint0.Task7.V0\Tyuiu.SysoevDA.Sprint0.Task7.V0.csproj", "{1B19332B-E8A2-40CF-88E2-A8317CCC91B8}"
EndProject
Project("{FAE04EC0-301F-11D3-BF4B-00C04F79EFBC}") = "Tyuiu.SysoevDA.Sprint0.Task7.V0.Test", "Tyuiu.SysoevDA.Sprint0.Task7.V0.Test\Tyuiu.SysoevDA.Sprint0.Task7.V0.Test.csproj", "{DA24C4D0-7C9B-47DA-93CD-CDF44DF1941E}"
EndProject
Project("{FAE04EC0-301F-11D3-BF4B-00C04F79EFBC}") = "Tyuiu.SysoevDA.Sprint0.Task7.V0.Lib", "Tyuiu.SysoevDA.Sprint0.Task7.V0.Lib\Tyuiu.SysoevDA.Sprint0.Task7.V0.Lib.csproj", "{CF5E4FBC-A30F-44A2-B8C0-1FE68E749164}"
EndProject
Global
	GlobalSection(SolutionConfigurationPlatforms) = preSolution
		Debug|Any CPU = Debug|Any CPU
		Release|Any CPU = Release|Any CPU
	EndGlobalSection
	GlobalSection(ProjectConfigurationPlatforms) = postSolution
		{5592D50A-E2F5-4D7A-B1AE-A52DB3174636}.Debug|Any CPU.ActiveCfg = Debug|Any CPU
		{5592D50A-E2F5-4D7A-B1AE-A52DB3174636}.Debug|Any CPU.Build.0 = Debug|Any CPU
		{5592D50A-E2F5-4D7A-B1AE-A52DB3174636}.Release|Any CPU.ActiveCfg = Release|Any CPU
		{5592D50A-E2F5-4D7A-B1AE-A52DB3174636}.Release|Any CPU.Build.0 = Release|Any CPU
		{FCEB5848-7715-4893-81B9-3D14677C3E21}.Debug|Any CPU.ActiveCfg = Debug|Any CPU
		{FCEB5848-7715-4893-81B9-3D14677C3E21}.Debug|Any CPU.Build.0 = Debug|Any CPU
		{FCEB5848-7715-4893-81B9-3D14677C3E21}.Release|Any CPU.ActiveCfg = Release|Any CPU
		{FCEB5848-7715-4893-81B9-3D14677C3E21}.Release|Any CPU.Build.0 = Release|Any CPU
		{0319C1D5-D85E-4B7A-ABFF-7686F3AE3705}.Debug|Any CPU.ActiveCfg = Debug|Any CPU
		{0319C1D5-D85E-4B7A-ABFF-7686F3AE3705}.Debug|Any CPU.Build.0 = Debug|Any CPU
		{0319C1D5-D85E-4B7A-ABFF-7686F3AE3705}.Release|Any CPU.ActiveCfg = Release|Any CPU
		{0319C1D5-D85E-4B7A-ABFF-7686F3AE3705}.Release|Any CPU.Build.0 = Release|Any CPU
		{332DE25F-06DA-41C9-9CFB-91890CC8A1D8}.Debug|Any CPU.ActiveCfg = Debug|Any CPU
		{332DE25F-06DA-41C9-9CFB-91890CC8A1D8}.Debug|Any CPU.Build.0 = Debug|Any CPU
		{332DE25F-06DA-41C9-9CFB-91890CC8A1D8}.Release|Any CPU.ActiveCfg = Release|Any CPU
		{332DE25F-06DA-41C9-9CFB-91890CC8A1D8}.Release|Any CPU.Build.0 = Release|Any CPU
		{DD965467-7BCD-4281-AAE4-259EB9805623}.Debug|Any CPU.ActiveCfg = Debug|Any CPU
		{DD965467-7BCD-4281-AAE4-259EB9805623}.Debug|Any CPU.Build.0 = Debug|Any CPU
		{DD965467-7BCD-4281-AAE4-259EB9805623}.Release|Any CPU.ActiveCfg = Release|Any CPU
		{DD965467-7BCD-4281-AAE4-259EB9805623}.Release|Any CPU.Build.0 = Release|Any CPU
		{770F274D-E2AC-4FD9-AB4E-246BBFC55FC2}.Debug|Any CPU.ActiveCfg = Debug|Any CPU
		{770F274D-E2AC-4FD9-AB4E-246BBFC55FC2}.Debug|Any CPU.Build.0 = Debug|Any CPU
		{770F274D-E2AC-4FD9-AB4E-246BBFC55FC2}.Release|Any CPU.ActiveCfg = Release|Any CPU
		{770F274D-E2AC-4FD9-AB4E-246BBFC55FC2}.Release|Any CPU.Build.0 = Release|Any CPU
		{4BE831BE-94C6-49C5-908D-A66EEB0E8489}.Debug|Any CPU.ActiveCfg = Debug|Any CPU
		{4BE831BE-94C6-49C5-908D-A66EEB0E8489}.Debug|Any CPU.Build.0 = Debug|Any CPU
		{4BE831BE-94C6-49C5-908D-A66EEB0E8489}.Release|Any CPU.ActiveCfg = Release|Any CPU
		{4BE831BE-94C6-49C5-908D-A66EEB0E8489}.Release|Any CPU.Build.0 = Release|Any CPU
		{1DD0006A-EC92-4143-A8EE-C9EEE3356462}.Debug|Any CPU.ActiveCfg = Debug|Any CPU
		{1DD0006A-EC92-4143-A8EE-C9EEE3356462}.Debug|Any CPU.Build.0 = Debug|Any CPU
		{1DD0006A-EC92-4143-A8EE-C9EEE3356462}.Release|Any CPU.ActiveCfg = Release|Any CPU
		{1DD0006A-EC92-4143-A8EE-C9EEE3356462}.Release|Any CPU.Build.0 = Release|Any CPU
		{34262853-27B3-481A-8F87-518AB76DDDE7}.Debug|Any CPU.ActiveCfg = Debug|Any CPU
		{34262853-27B3-481A-8F87-518AB76DDDE7}.Debug|Any CPU.Build.0 = Debug|Any CPU
		{34262853-27B3-481A-8F87-518AB76DDDE7}.Release|Any CPU.ActiveCfg = Release|Any CPU
		{34262853-27B3-481A-8F87-518AB76DDDE7}.Release|Any CPU.Build.0 = Release|Any CPU
		{A0353BAD-608A-4345-A8AE-27D9D453E010}.Debug|Any CPU.ActiveCfg = Debug|Any CPU
		{A0353BAD-608A-4345-A8AE-27D9D453E010}.Debug|Any CPU.Build.0 = Debug|Any CPU
		{A0353BAD-608A-4345-A8AE-27D9D453E010}.Release|Any CPU.ActiveCfg = Release|Any CPU
		{A0353BAD-608A-4345-A8AE-27D9D453E010}.Release|Any CPU.Build.0 = Release|Any CPU
		{837C64A5-DB9A-402C-88BA-0A8604DBE051}.Debug|Any CPU.ActiveCfg = Debug|Any CPU
		{837C64A5-DB9A-402C-88BA-0A8604DBE051}.Debug|Any CPU.Build.0 = Debug|Any CPU
		{837C64A5-DB9A-402C-88BA-0A8604DBE051}.Release|Any CPU.ActiveCfg = Release|Any CPU
		{837C64A5-DB9A-402C-88BA-0A8604DBE051}.Release|Any CPU.Build.0 = Release|Any CPU
		{87C9EC9C-12BE-4C27-A2E8-811B84A02F3A}.Debug|Any CPU.ActiveCfg = Debug|Any CPU
		{87C9EC9C-12BE-4C27-A2E8-811B84A02F3A}.Debug|Any CPU.Build.0 = Debug|Any CPU
		{87C9EC9C-12BE-4C27-A2E8-811B84A02F3A}.Release|Any CPU.ActiveCfg = Release|Any CPU
		{87C9EC9C-12BE-4C27-A2E8-811B84A02F3A}.Release|Any CPU.Build.0 = Release|Any CPU
		{FD9EA11D-ECA5-45C0-A0AE-B2D752276BE4}.Debug|Any CPU.ActiveCfg = Debug|Any CPU
		{FD9EA11D-ECA5-45C0-A0AE-B2D752276BE4}.Debug|Any CPU.Build.0 = Debug|Any CPU
		{FD9EA11D-ECA5-45C0-A0AE-B2D752276BE4}.Release|Any CPU.ActiveCfg = Release|Any CPU
		{FD9EA11D-ECA5-45C0-A0AE-B2D752276BE4}.Release|Any CPU.Build.0 = Release|Any CPU
		{0395DAD5-45E9-4C82-865D-63A95A9850EE}.Debug|Any CPU.ActiveCfg = Debug|Any CPU
		{0395DAD5-45E9-4C82-865D-63A95A9850EE}.Debug|Any CPU.Build.0 = Debug|Any CPU
		{0395DAD5-45E9-4C82-865D-63A95A9850EE}.Release|Any CPU.ActiveCfg = Release|Any CPU
		{0395DAD5-45E9-4C82-865D-63A95A9850EE}.Release|Any CPU.Build.0 = Release|Any CPU
		{88DB7DA7-BE7C-4204-8009-DE5D52DB765B}.Debug|Any CPU.ActiveCfg = Debug|Any CPU
		{88DB7DA7-BE7C-4204-8009-DE5D52DB765B}.Debug|Any CPU.Build.0 = Debug|Any CPU
		{88DB7DA7-BE7C-4204-8009-DE5D52DB765B}.Release|Any CPU.ActiveCfg = Release|Any CPU
		{88DB7DA7-BE7C-4204-8009-DE5D52DB765B}.Release|Any CPU.Build.0 = Release|Any CPU
		{C455379D-14D8-4E3A-A081-4A95F6814CFB}.Debug|Any CPU.ActiveCfg = Debug|Any CPU
		{C455379D-14D8-4E3A-A081-4A95F6814CFB}.Debug|Any CPU.Build.0 = Debug|Any CPU
		{C455379D-14D8-4E3A-A081-4A95F6814CFB}.Release|Any CPU.ActiveCfg = Release|Any CPU
		{C455379D-14D8-4E3A-A081-4A95F6814CFB}.Release|Any CPU.Build.0 = Release|Any CPU
		{1D88F866-9CE8-45D8-AB52-76CDA9425485}.Debug|Any CPU.ActiveCfg = Debug|Any CPU
		{1D88F866-9CE8-45D8-AB52-76CDA9425485}.Debug|Any CPU.Build.0 = Debug|Any CPU
		{1D88F866-9CE8-45D8-AB52-76CDA9425485}.Release|Any CPU.ActiveCfg = Release|Any CPU
		{1D88F866-9CE8-45D8-AB52-76CDA9425485}.Release|Any CPU.Build.0 = Release|Any CPU
		{1B19332B-E8A2-40CF-88E2-A8317CCC91B8}.Debug|Any CPU.ActiveCfg = Debug|Any CPU
		{1B19332B-E8A2-40CF-88E2-A8317CCC91B8}.Debug|Any CPU.Build.0 = Debug|Any CPU
		{1B19332B-E8A2-40CF-88E2-A8317CCC91B8}.Release|Any CPU.ActiveCfg = Release|Any CPU
		{1B19332B-E8A2-40CF-88E2-A8317CCC91B8}.Release|Any CPU.Build.0 = Release|Any CPU
		{DA24C4D0-7C9B-47DA-93CD-CDF44DF1941E}.Debug|Any CPU.ActiveCfg = Debug|Any CPU
		{DA24C4D0-7C9B-47DA-93CD-CDF44DF1941E}.Debug|Any CPU.Build.0 = Debug|Any CPU
		{DA24C4D0-7C9B-47DA-93CD-CDF44DF1941E}.Release|Any CPU.ActiveCfg = Release|Any CPU
		{DA24C4D0-7C9B-47DA-93CD-CDF44DF1941E}.Release|Any CPU.Build.0 = Release|Any CPU
		{CF5E4FBC-A30F-44A2-B8C0-1FE68E749164}.Debug|Any CPU.ActiveCfg = Debug|Any CPU
		{CF5E4FBC-A30F-44A2-B8C0-1FE68E749164}.Debug|Any CPU.Build.0 = Debug|Any CPU
		{CF5E4FBC-A30F-44A2-B8C0-1FE68E749164}.Release|Any CPU.ActiveCfg = Release|Any CPU
		{CF5E4FBC-A30F-44A2-B8C0-1FE68E749164}.Release|Any CPU.Build.0 = Release|Any CPU
	EndGlobalSection
	GlobalSection(SolutionProperties) = preSolution
		HideSolutionNode = FALSE
	EndGlobalSection
	GlobalSection(NestedProjects) = preSolution
		{5592D50A-E2F5-4D7A-B1AE-A52DB3174636} = {5CE3E676-C0E1-41BC-A083-0EDA80357323}
		{FCEB5848-7715-4893-81B9-3D14677C3E21} = {164F1C15-9CB7-4196-B683-A4EE59722931}
		{0319C1D5-D85E-4B7A-ABFF-7686F3AE3705} = {B8D98B11-20CC-45C0-9E47-2E64BE28D610}
		{332DE25F-06DA-41C9-9CFB-91890CC8A1D8} = {B8D98B11-20CC-45C0-9E47-2E64BE28D610}
		{DD965467-7BCD-4281-AAE4-259EB9805623} = {B8D98B11-20CC-45C0-9E47-2E64BE28D610}
		{770F274D-E2AC-4FD9-AB4E-246BBFC55FC2} = {4A9FD4E2-F46D-491F-AFD4-983F4735768C}
		{4BE831BE-94C6-49C5-908D-A66EEB0E8489} = {4A9FD4E2-F46D-491F-AFD4-983F4735768C}
		{1DD0006A-EC92-4143-A8EE-C9EEE3356462} = {4A9FD4E2-F46D-491F-AFD4-983F4735768C}
		{34262853-27B3-481A-8F87-518AB76DDDE7} = {44A9C2EE-68D4-4742-A4C5-EDCB7B3A7EE7}
		{A0353BAD-608A-4345-A8AE-27D9D453E010} = {44A9C2EE-68D4-4742-A4C5-EDCB7B3A7EE7}
		{837C64A5-DB9A-402C-88BA-0A8604DBE051} = {44A9C2EE-68D4-4742-A4C5-EDCB7B3A7EE7}
		{87C9EC9C-12BE-4C27-A2E8-811B84A02F3A} = {DB82B03E-79A6-4BE7-A82D-0DE3F41993FE}
		{FD9EA11D-ECA5-45C0-A0AE-B2D752276BE4} = {DB82B03E-79A6-4BE7-A82D-0DE3F41993FE}
		{0395DAD5-45E9-4C82-865D-63A95A9850EE} = {DB82B03E-79A6-4BE7-A82D-0DE3F41993FE}
		{88DB7DA7-BE7C-4204-8009-DE5D52DB765B} = {A71BE1AE-BC77-451A-B368-0FCFB5969456}
		{C455379D-14D8-4E3A-A081-4A95F6814CFB} = {A71BE1AE-BC77-451A-B368-0FCFB5969456}
		{1D88F866-9CE8-45D8-AB52-76CDA9425485} = {A71BE1AE-BC77-451A-B368-0FCFB5969456}
		{1B19332B-E8A2-40CF-88E2-A8317CCC91B8} = {14561153-95AA-429D-9668-B423EA1939F7}
		{DA24C4D0-7C9B-47DA-93CD-CDF44DF1941E} = {14561153-95AA-429D-9668-B423EA1939F7}
		{CF5E4FBC-A30F-44A2-B8C0-1FE68E749164} = {14561153-95AA-429D-9668-B423EA1939F7}
	EndGlobalSection
	GlobalSection(ExtensibilityGlobals) = postSolution
		SolutionGuid = {CAA62CC1-B306-4477-B240-E887CCB57568}
	EndGlobalSection
EndGlobal
